{
    "_meta": {
        "hash": {
            "sha256": "a52b8dd72a165729d5e8d067328e8f9800b7829f66e086694a6870d341ed2582"
        },
        "pipfile-spec": 6,
        "requires": {
            "python_version": "3.7"
        },
        "sources": [
            {
                "name": "pypi",
                "url": "https://pypi.org/simple",
                "verify_ssl": true
            }
        ]
    },
    "default": {
        "configparser": {
            "hashes": [
                "sha256:45d1272aad6cfd7a8a06cf5c73f2ceb6a190f6acc1fa707e7f82a4c053b28b18",
                "sha256:bc37850f0cc42a1725a796ef7d92690651bf1af37d744cc63161dac62cabee17"
            ],
            "index": "pypi",
            "version": "==3.8.1"
        },
        "gunicorn": {
            "hashes": [
                "sha256:aa8e0b40b4157b36a5df5e599f45c9c76d6af43845ba3b3b0efe2c70473c2471",
                "sha256:fa2662097c66f920f53f70621c6c58ca4a3c4d3434205e608e121b5b3b71f4f3"
            ],
            "index": "pypi",
            "version": "==19.9.0"
        },
        "pdfrw": {
            "hashes": [
                "sha256:0dc0494a0e6561b268542b28ede2280387c2728114f117d3bb5d8e4787b93ef4",
                "sha256:758289edaa3b672e9a1a67504be73c18ec668d4e5b9d5ac9cbc0dc753d8d196b"
            ],
            "index": "pypi",
            "version": "==0.4"
        }
    },
    "develop": {}
}
